
Microsoft Visual Studio Solution File, Format Version 12.00
# Visual Studio 15
Project("{FAE04EC0-301F-11D3-BF4B-00C04F79EFBC}") = "Ultraleap.Tracking.Core", "Ultraleap.Tracking.Core.csproj", "{F9E5A0FB-8ED3-F18B-B58F-92EE56E06791}"
EndProject
Project("{FAE04EC0-301F-11D3-BF4B-00C04F79EFBC}") = "Ultraleap.Tracking.InteractionEngine", "Ultraleap.Tracking.InteractionEngine.csproj", "{76512B8D-92B6-CA59-CD25-6BB459945E1D}"
EndProject
Project("{FAE04EC0-301F-11D3-BF4B-00C04F79EFBC}") = "Assembly-CSharp", "Assembly-CSharp.csproj", "{1095E53F-7F02-0617-B751-54D5BB06C4F4}"
EndProject
Project("{FAE04EC0-301F-11D3-BF4B-00C04F79EFBC}") = "Ultraleap.Tracking.UIInput", "Ultraleap.Tracking.UIInput.csproj", "{B37804CD-9AA1-60A1-6DAF-B10C193AEBC9}"
EndProject
Project("{FAE04EC0-301F-11D3-BF4B-00C04F79EFBC}") = "LeapMotion.LeapCSharp", "LeapMotion.LeapCSharp.csproj", "{430C3A4E-AF7B-7C31-7B73-0C77EAC7B62B}"
EndProject
Project("{FAE04EC0-301F-11D3-BF4B-00C04F79EFBC}") = "Ultraleap.Tracking.Hands", "Ultraleap.Tracking.Hands.csproj", "{131BD1BD-11ED-8124-321F-B8DFB95DCE2D}"
EndProject
Project("{FAE04EC0-301F-11D3-BF4B-00C04F79EFBC}") = "Ultraleap.Tracking.Core.Tests", "Ultraleap.Tracking.Core.Tests.csproj", "{A29246A9-F2AF-A287-C57B-3EDA33824E6B}"
EndProject
Project("{FAE04EC0-301F-11D3-BF4B-00C04F79EFBC}") = "Ultraleap.Tracking.Core.Editor", "Ultraleap.Tracking.Core.Editor.csproj", "{4FE6E55D-5472-6EC9-5651-246F0995B5D1}"
EndProject
Project("{FAE04EC0-301F-11D3-BF4B-00C04F79EFBC}") = "Assembly-CSharp-Editor", "Assembly-CSharp-Editor.csproj", "{A8DFA67E-4D70-8573-C702-4A4141580575}"
EndProject
Project("{FAE04EC0-301F-11D3-BF4B-00C04F79EFBC}") = "Ultraleap.Tracking.InteractionEngine.Editor", "Ultraleap.Tracking.InteractionEngine.Editor.csproj", "{7E6ABE44-E84A-3534-5250-AAD808665E91}"
EndProject
Project("{FAE04EC0-301F-11D3-BF4B-00C04F79EFBC}") = "Ultraleap.Tracking.UIInput.Editor", "Ultraleap.Tracking.UIInput.Editor.csproj", "{8251CEF2-84FC-FB0A-D380-7AAD146AF040}"
EndProject
Project("{FAE04EC0-301F-11D3-BF4B-00C04F79EFBC}") = "Ultraleap.Tracking.Hands.Editor", "Ultraleap.Tracking.Hands.Editor.csproj", "{67A87E2C-7FFD-43E5-88BB-4A1DC93A81FB}"
EndProject
Global
	GlobalSection(SolutionConfigurationPlatforms) = preSolution
		Debug|Any CPU = Debug|Any CPU
		Release|Any CPU = Release|Any CPU
	EndGlobalSection
	GlobalSection(ProjectConfigurationPlatforms) = postSolution
		{F9E5A0FB-8ED3-F18B-B58F-92EE56E06791}.Debug|Any CPU.ActiveCfg = Debug|Any CPU
		{F9E5A0FB-8ED3-F18B-B58F-92EE56E06791}.Debug|Any CPU.Build.0 = Debug|Any CPU
		{F9E5A0FB-8ED3-F18B-B58F-92EE56E06791}.Release|Any CPU.ActiveCfg = Release|Any CPU
		{F9E5A0FB-8ED3-F18B-B58F-92EE56E06791}.Release|Any CPU.Build.0 = Release|Any CPU
		{76512B8D-92B6-CA59-CD25-6BB459945E1D}.Debug|Any CPU.ActiveCfg = Debug|Any CPU
		{76512B8D-92B6-CA59-CD25-6BB459945E1D}.Debug|Any CPU.Build.0 = Debug|Any CPU
		{76512B8D-92B6-CA59-CD25-6BB459945E1D}.Release|Any CPU.ActiveCfg = Release|Any CPU
		{76512B8D-92B6-CA59-CD25-6BB459945E1D}.Release|Any CPU.Build.0 = Release|Any CPU
		{1095E53F-7F02-0617-B751-54D5BB06C4F4}.Debug|Any CPU.ActiveCfg = Debug|Any CPU
		{1095E53F-7F02-0617-B751-54D5BB06C4F4}.Debug|Any CPU.Build.0 = Debug|Any CPU
		{1095E53F-7F02-0617-B751-54D5BB06C4F4}.Release|Any CPU.ActiveCfg = Release|Any CPU
		{1095E53F-7F02-0617-B751-54D5BB06C4F4}.Release|Any CPU.Build.0 = Release|Any CPU
		{B37804CD-9AA1-60A1-6DAF-B10C193AEBC9}.Debug|Any CPU.ActiveCfg = Debug|Any CPU
		{B37804CD-9AA1-60A1-6DAF-B10C193AEBC9}.Debug|Any CPU.Build.0 = Debug|Any CPU
		{B37804CD-9AA1-60A1-6DAF-B10C193AEBC9}.Release|Any CPU.ActiveCfg = Release|Any CPU
		{B37804CD-9AA1-60A1-6DAF-B10C193AEBC9}.Release|Any CPU.Build.0 = Release|Any CPU
		{430C3A4E-AF7B-7C31-7B73-0C77EAC7B62B}.Debug|Any CPU.ActiveCfg = Debug|Any CPU
		{430C3A4E-AF7B-7C31-7B73-0C77EAC7B62B}.Debug|Any CPU.Build.0 = Debug|Any CPU
		{430C3A4E-AF7B-7C31-7B73-0C77EAC7B62B}.Release|Any CPU.ActiveCfg = Release|Any CPU
		{430C3A4E-AF7B-7C31-7B73-0C77EAC7B62B}.Release|Any CPU.Build.0 = Release|Any CPU
		{131BD1BD-11ED-8124-321F-B8DFB95DCE2D}.Debug|Any CPU.ActiveCfg = Debug|Any CPU
		{131BD1BD-11ED-8124-321F-B8DFB95DCE2D}.Debug|Any CPU.Build.0 = Debug|Any CPU
		{131BD1BD-11ED-8124-321F-B8DFB95DCE2D}.Release|Any CPU.ActiveCfg = Release|Any CPU
		{131BD1BD-11ED-8124-321F-B8DFB95DCE2D}.Release|Any CPU.Build.0 = Release|Any CPU
		{A29246A9-F2AF-A287-C57B-3EDA33824E6B}.Debug|Any CPU.ActiveCfg = Debug|Any CPU
		{A29246A9-F2AF-A287-C57B-3EDA33824E6B}.Debug|Any CPU.Build.0 = Debug|Any CPU
		{A29246A9-F2AF-A287-C57B-3EDA33824E6B}.Release|Any CPU.ActiveCfg = Release|Any CPU
		{A29246A9-F2AF-A287-C57B-3EDA33824E6B}.Release|Any CPU.Build.0 = Release|Any CPU
		{4FE6E55D-5472-6EC9-5651-246F0995B5D1}.Debug|Any CPU.ActiveCfg = Debug|Any CPU
		{4FE6E55D-5472-6EC9-5651-246F0995B5D1}.Debug|Any CPU.Build.0 = Debug|Any CPU
		{4FE6E55D-5472-6EC9-5651-246F0995B5D1}.Release|Any CPU.ActiveCfg = Release|Any CPU
		{4FE6E55D-5472-6EC9-5651-246F0995B5D1}.Release|Any CPU.Build.0 = Release|Any CPU
		{A8DFA67E-4D70-8573-C702-4A4141580575}.Debug|Any CPU.ActiveCfg = Debug|Any CPU
		{A8DFA67E-4D70-8573-C702-4A4141580575}.Debug|Any CPU.Build.0 = Debug|Any CPU
		{A8DFA67E-4D70-8573-C702-4A4141580575}.Release|Any CPU.ActiveCfg = Release|Any CPU
		{A8DFA67E-4D70-8573-C702-4A4141580575}.Release|Any CPU.Build.0 = Release|Any CPU
		{7E6ABE44-E84A-3534-5250-AAD808665E91}.Debug|Any CPU.ActiveCfg = Debug|Any CPU
		{7E6ABE44-E84A-3534-5250-AAD808665E91}.Debug|Any CPU.Build.0 = Debug|Any CPU
		{7E6ABE44-E84A-3534-5250-AAD808665E91}.Release|Any CPU.ActiveCfg = Release|Any CPU
		{7E6ABE44-E84A-3534-5250-AAD808665E91}.Release|Any CPU.Build.0 = Release|Any CPU
		{8251CEF2-84FC-FB0A-D380-7AAD146AF040}.Debug|Any CPU.ActiveCfg = Debug|Any CPU
		{8251CEF2-84FC-FB0A-D380-7AAD146AF040}.Debug|Any CPU.Build.0 = Debug|Any CPU
		{8251CEF2-84FC-FB0A-D380-7AAD146AF040}.Release|Any CPU.ActiveCfg = Release|Any CPU
		{8251CEF2-84FC-FB0A-D380-7AAD146AF040}.Release|Any CPU.Build.0 = Release|Any CPU
		{67A87E2C-7FFD-43E5-88BB-4A1DC93A81FB}.Debug|Any CPU.ActiveCfg = Debug|Any CPU
		{67A87E2C-7FFD-43E5-88BB-4A1DC93A81FB}.Debug|Any CPU.Build.0 = Debug|Any CPU
		{67A87E2C-7FFD-43E5-88BB-4A1DC93A81FB}.Release|Any CPU.ActiveCfg = Release|Any CPU
		{67A87E2C-7FFD-43E5-88BB-4A1DC93A81FB}.Release|Any CPU.Build.0 = Release|Any CPU
	EndGlobalSection
	GlobalSection(SolutionProperties) = preSolution
		HideSolutionNode = FALSE
	EndGlobalSection
EndGlobal
